
Microsoft Visual Studio Solution File, Format Version 12.00
# Visual Studio Version 16
VisualStudioVersion = 16.0.32106.194
MinimumVisualStudioVersion = 10.0.40219.1
Project("{FAE04EC0-301F-11D3-BF4B-00C04F79EFBC}") = "BlazorExcelReadAndSaveData", "BlazorExcelReadAndSaveData\BlazorExcelReadAndSaveData.csproj", "{D0ED754F-3CB5-406B-BBC6-9446F2B9F4A5}"
EndProject
Global
	GlobalSection(SolutionConfigurationPlatforms) = preSolution
		Debug|Any CPU = Debug|Any CPU
		Release|Any CPU = Release|Any CPU
	EndGlobalSection
	GlobalSection(ProjectConfigurationPlatforms) = postSolution
		{D0ED754F-3CB5-406B-BBC6-9446F2B9F4A5}.Debug|Any CPU.ActiveCfg = Debug|Any CPU
		{D0ED754F-3CB5-406B-BBC6-9446F2B9F4A5}.Debug|Any CPU.Build.0 = Debug|Any CPU
		{D0ED754F-3CB5-406B-BBC6-9446F2B9F4A5}.Release|Any CPU.ActiveCfg = Release|Any CPU
		{D0ED754F-3CB5-406B-BBC6-9446F2B9F4A5}.Release|Any CPU.Build.0 = Release|Any CPU
	EndGlobalSection
	GlobalSection(SolutionProperties) = preSolution
		HideSolutionNode = FALSE
	EndGlobalSection
	GlobalSection(ExtensibilityGlobals) = postSolution
		SolutionGuid = {7C2FE222-A1E0-4466-B022-DD4A9D2C1206}
	EndGlobalSection
EndGlobal
